// !$*UTF8*$!
{
	archiveVersion = 1;
	classes = {
	};
	objectVersion = 55;
	objects = {

/* Begin PBXBuildFile section */
		56B086A2BBD9558709121BF4 /* Pods_flickrApp.framework in Frameworks */ = {isa = PBXBuildFile; fileRef = 3516515F91050B4F74292495 /* Pods_flickrApp.framework */; };
		E237AA9A28FACD6B000D5859 /* AuthViewModel.swift in Sources */ = {isa = PBXBuildFile; fileRef = E237AA9928FACD6B000D5859 /* AuthViewModel.swift */; };
		E237AA9D28FAD0F9000D5859 /* AlertPresentable.swift in Sources */ = {isa = PBXBuildFile; fileRef = E237AA9C28FAD0F9000D5859 /* AlertPresentable.swift */; };
		E237AAA028FAD151000D5859 /* CAViewController.swift in Sources */ = {isa = PBXBuildFile; fileRef = E237AA9F28FAD151000D5859 /* CAViewController.swift */; };
		E2418A6E28FBE1A60076D344 /* PhotoCollectionViewCell.swift in Sources */ = {isa = PBXBuildFile; fileRef = E2418A6C28FBE1A60076D344 /* PhotoCollectionViewCell.swift */; };
		E2418A6F28FBE1A60076D344 /* PhotoCollectionViewCell.xib in Resources */ = {isa = PBXBuildFile; fileRef = E2418A6D28FBE1A60076D344 /* PhotoCollectionViewCell.xib */; };
		E24352C028F8761C00AF384B /* FlickrApi.swift in Sources */ = {isa = PBXBuildFile; fileRef = E24352BF28F8761C00AF384B /* FlickrApi.swift */; };
		E24352C328F893EB00AF384B /* PhotoListViewModel.swift in Sources */ = {isa = PBXBuildFile; fileRef = E24352C228F893EB00AF384B /* PhotoListViewModel.swift */; };
		E251338D28FAF60F001AD16F /* MainTabbarViewController.swift in Sources */ = {isa = PBXBuildFile; fileRef = E251338C28FAF60F001AD16F /* MainTabbarViewController.swift */; };
		E251339228FAFE18001AD16F /* SearchViewController.swift in Sources */ = {isa = PBXBuildFile; fileRef = E251339028FAFE18001AD16F /* SearchViewController.swift */; };
		E251339328FAFE18001AD16F /* SearchViewController.xib in Resources */ = {isa = PBXBuildFile; fileRef = E251339128FAFE18001AD16F /* SearchViewController.xib */; };
		E25133A028FB0B6A001AD16F /* SearchViewModel.swift in Sources */ = {isa = PBXBuildFile; fileRef = E251339F28FB0B6A001AD16F /* SearchViewModel.swift */; };
		E274039D28F980EE003520D1 /* Photo.swift in Sources */ = {isa = PBXBuildFile; fileRef = E274039C28F980EE003520D1 /* Photo.swift */; };
		E274039F28F98156003520D1 /* PhotoResponse.swift in Sources */ = {isa = PBXBuildFile; fileRef = E274039E28F98156003520D1 /* PhotoResponse.swift */; };
		E27403A128F9821E003520D1 /* Photos.swift in Sources */ = {isa = PBXBuildFile; fileRef = E27403A028F9821E003520D1 /* Photos.swift */; };
		E27403A428F9A4C8003520D1 /* PhotoTableViewCell.swift in Sources */ = {isa = PBXBuildFile; fileRef = E27403A328F9A4C8003520D1 /* PhotoTableViewCell.swift */; };
		E27403A628F9A515003520D1 /* PhotoTableViewCell.xib in Resources */ = {isa = PBXBuildFile; fileRef = E27403A528F9A515003520D1 /* PhotoTableViewCell.xib */; };
		E28D000728FDA50F008564F6 /* User.swift in Sources */ = {isa = PBXBuildFile; fileRef = E28D000628FDA50F008564F6 /* User.swift */; };
		E28D000A28FDA7CE008564F6 /* Encodable+Extension.swift in Sources */ = {isa = PBXBuildFile; fileRef = E28D000928FDA7CE008564F6 /* Encodable+Extension.swift */; };
		E28D000D28FDBED3008564F6 /* UserDefaultConstants.swift in Sources */ = {isa = PBXBuildFile; fileRef = E28D000C28FDBED3008564F6 /* UserDefaultConstants.swift */; };
		E297EA0E28F83AC900CAA90E /* PhotoListViewController.swift in Sources */ = {isa = PBXBuildFile; fileRef = E297EA0C28F83AC900CAA90E /* PhotoListViewController.swift */; };
		E297EA0F28F83AC900CAA90E /* PhotoListViewController.xib in Resources */ = {isa = PBXBuildFile; fileRef = E297EA0D28F83AC900CAA90E /* PhotoListViewController.xib */; };
		E2D9D01328F72B5C004320CF /* AppDelegate.swift in Sources */ = {isa = PBXBuildFile; fileRef = E2D9D01228F72B5C004320CF /* AppDelegate.swift */; };
		E2D9D01528F72B5C004320CF /* SceneDelegate.swift in Sources */ = {isa = PBXBuildFile; fileRef = E2D9D01428F72B5C004320CF /* SceneDelegate.swift */; };
		E2D9D01C28F72B5E004320CF /* Assets.xcassets in Resources */ = {isa = PBXBuildFile; fileRef = E2D9D01B28F72B5E004320CF /* Assets.xcassets */; };
		E2D9D01F28F72B5E004320CF /* LaunchScreen.storyboard in Resources */ = {isa = PBXBuildFile; fileRef = E2D9D01D28F72B5E004320CF /* LaunchScreen.storyboard */; };
		E2E830ED28FAACC800ABB346 /* AuthViewController.swift in Sources */ = {isa = PBXBuildFile; fileRef = E2E830EB28FAACC800ABB346 /* AuthViewController.swift */; };
		E2E830EE28FAACC800ABB346 /* AuthViewController.xib in Resources */ = {isa = PBXBuildFile; fileRef = E2E830EC28FAACC800ABB346 /* AuthViewController.xib */; };
		E2E830F228FAAEE400ABB346 /* GoogleService-Info.plist in Resources */ = {isa = PBXBuildFile; fileRef = E2E830F128FAAEE400ABB346 /* GoogleService-Info.plist */; };
		E2E830F528FAB1E700ABB346 /* FirebaseAuth in Frameworks */ = {isa = PBXBuildFile; productRef = E2E830F428FAB1E700ABB346 /* FirebaseAuth */; };
		E2E830F728FAB1E700ABB346 /* FirebaseDatabaseSwift in Frameworks */ = {isa = PBXBuildFile; productRef = E2E830F628FAB1E700ABB346 /* FirebaseDatabaseSwift */; };
		E2E830F928FAB1E700ABB346 /* FirebaseFirestoreSwift in Frameworks */ = {isa = PBXBuildFile; productRef = E2E830F828FAB1E700ABB346 /* FirebaseFirestoreSwift */; };
		E2E830FB28FAB1E700ABB346 /* FirebaseRemoteConfigSwift in Frameworks */ = {isa = PBXBuildFile; productRef = E2E830FA28FAB1E700ABB346 /* FirebaseRemoteConfigSwift */; };
		E2E830FD28FAB1E700ABB346 /* FirebaseStorage in Frameworks */ = {isa = PBXBuildFile; productRef = E2E830FC28FAB1E700ABB346 /* FirebaseStorage */; };
/* End PBXBuildFile section */

/* Begin PBXFileReference section */
		3516515F91050B4F74292495 /* Pods_flickrApp.framework */ = {isa = PBXFileReference; explicitFileType = wrapper.framework; includeInIndex = 0; path = Pods_flickrApp.framework; sourceTree = BUILT_PRODUCTS_DIR; };
		8E24842104DB2E56E213A620 /* Pods-flickrApp.debug.xcconfig */ = {isa = PBXFileReference; includeInIndex = 1; lastKnownFileType = text.xcconfig; name = "Pods-flickrApp.debug.xcconfig"; path = "Target Support Files/Pods-flickrApp/Pods-flickrApp.debug.xcconfig"; sourceTree = "<group>"; };
		E237AA9928FACD6B000D5859 /* AuthViewModel.swift */ = {isa = PBXFileReference; lastKnownFileType = sourcecode.swift; path = AuthViewModel.swift; sourceTree = "<group>"; };
		E237AA9C28FAD0F9000D5859 /* AlertPresentable.swift */ = {isa = PBXFileReference; lastKnownFileType = sourcecode.swift; path = AlertPresentable.swift; sourceTree = "<group>"; };
		E237AA9F28FAD151000D5859 /* CAViewController.swift */ = {isa = PBXFileReference; lastKnownFileType = sourcecode.swift; path = CAViewController.swift; sourceTree = "<group>"; };
		E2418A6C28FBE1A60076D344 /* PhotoCollectionViewCell.swift */ = {isa = PBXFileReference; lastKnownFileType = sourcecode.swift; path = PhotoCollectionViewCell.swift; sourceTree = "<group>"; };
		E2418A6D28FBE1A60076D344 /* PhotoCollectionViewCell.xib */ = {isa = PBXFileReference; lastKnownFileType = file.xib; path = PhotoCollectionViewCell.xib; sourceTree = "<group>"; };
		E24352BF28F8761C00AF384B /* FlickrApi.swift */ = {isa = PBXFileReference; lastKnownFileType = sourcecode.swift; path = FlickrApi.swift; sourceTree = "<group>"; };
		E24352C228F893EB00AF384B /* PhotoListViewModel.swift */ = {isa = PBXFileReference; lastKnownFileType = sourcecode.swift; path = PhotoListViewModel.swift; sourceTree = "<group>"; };
		E251338C28FAF60F001AD16F /* MainTabbarViewController.swift */ = {isa = PBXFileReference; lastKnownFileType = sourcecode.swift; path = MainTabbarViewController.swift; sourceTree = "<group>"; };
		E251339028FAFE18001AD16F /* SearchViewController.swift */ = {isa = PBXFileReference; lastKnownFileType = sourcecode.swift; path = SearchViewController.swift; sourceTree = "<group>"; };
		E251339128FAFE18001AD16F /* SearchViewController.xib */ = {isa = PBXFileReference; lastKnownFileType = file.xib; path = SearchViewController.xib; sourceTree = "<group>"; };
		E251339F28FB0B6A001AD16F /* SearchViewModel.swift */ = {isa = PBXFileReference; lastKnownFileType = sourcecode.swift; path = SearchViewModel.swift; sourceTree = "<group>"; };
		E274039C28F980EE003520D1 /* Photo.swift */ = {isa = PBXFileReference; lastKnownFileType = sourcecode.swift; path = Photo.swift; sourceTree = "<group>"; };
		E274039E28F98156003520D1 /* PhotoResponse.swift */ = {isa = PBXFileReference; lastKnownFileType = sourcecode.swift; path = PhotoResponse.swift; sourceTree = "<group>"; };
		E27403A028F9821E003520D1 /* Photos.swift */ = {isa = PBXFileReference; lastKnownFileType = sourcecode.swift; path = Photos.swift; sourceTree = "<group>"; };
		E27403A328F9A4C8003520D1 /* PhotoTableViewCell.swift */ = {isa = PBXFileReference; lastKnownFileType = sourcecode.swift; path = PhotoTableViewCell.swift; sourceTree = "<group>"; };
		E27403A528F9A515003520D1 /* PhotoTableViewCell.xib */ = {isa = PBXFileReference; lastKnownFileType = file.xib; path = PhotoTableViewCell.xib; sourceTree = "<group>"; };
		E28D000628FDA50F008564F6 /* User.swift */ = {isa = PBXFileReference; lastKnownFileType = sourcecode.swift; path = User.swift; sourceTree = "<group>"; };
		E28D000928FDA7CE008564F6 /* Encodable+Extension.swift */ = {isa = PBXFileReference; lastKnownFileType = sourcecode.swift; path = "Encodable+Extension.swift"; sourceTree = "<group>"; };
		E28D000C28FDBED3008564F6 /* UserDefaultConstants.swift */ = {isa = PBXFileReference; lastKnownFileType = sourcecode.swift; path = UserDefaultConstants.swift; sourceTree = "<group>"; };
		E297EA0C28F83AC900CAA90E /* PhotoListViewController.swift */ = {isa = PBXFileReference; lastKnownFileType = sourcecode.swift; path = PhotoListViewController.swift; sourceTree = "<group>"; };
		E297EA0D28F83AC900CAA90E /* PhotoListViewController.xib */ = {isa = PBXFileReference; lastKnownFileType = file.xib; path = PhotoListViewController.xib; sourceTree = "<group>"; };
		E2D9D00F28F72B5C004320CF /* flickrApp.app */ = {isa = PBXFileReference; explicitFileType = wrapper.application; includeInIndex = 0; path = flickrApp.app; sourceTree = BUILT_PRODUCTS_DIR; };
		E2D9D01228F72B5C004320CF /* AppDelegate.swift */ = {isa = PBXFileReference; lastKnownFileType = sourcecode.swift; path = AppDelegate.swift; sourceTree = "<group>"; };
		E2D9D01428F72B5C004320CF /* SceneDelegate.swift */ = {isa = PBXFileReference; lastKnownFileType = sourcecode.swift; path = SceneDelegate.swift; sourceTree = "<group>"; };
		E2D9D01B28F72B5E004320CF /* Assets.xcassets */ = {isa = PBXFileReference; lastKnownFileType = folder.assetcatalog; path = Assets.xcassets; sourceTree = "<group>"; };
		E2D9D01E28F72B5E004320CF /* Base */ = {isa = PBXFileReference; lastKnownFileType = file.storyboard; name = Base; path = Base.lproj/LaunchScreen.storyboard; sourceTree = "<group>"; };
		E2D9D02028F72B5E004320CF /* Info.plist */ = {isa = PBXFileReference; lastKnownFileType = text.plist.xml; path = Info.plist; sourceTree = "<group>"; };
		E2E830EB28FAACC800ABB346 /* AuthViewController.swift */ = {isa = PBXFileReference; lastKnownFileType = sourcecode.swift; path = AuthViewController.swift; sourceTree = "<group>"; };
		E2E830EC28FAACC800ABB346 /* AuthViewController.xib */ = {isa = PBXFileReference; lastKnownFileType = file.xib; path = AuthViewController.xib; sourceTree = "<group>"; };
		E2E830F128FAAEE400ABB346 /* GoogleService-Info.plist */ = {isa = PBXFileReference; fileEncoding = 4; lastKnownFileType = text.plist.xml; path = "GoogleService-Info.plist"; sourceTree = "<group>"; };
		E88312B4E230F597EDD2F5AE /* Pods-flickrApp.release.xcconfig */ = {isa = PBXFileReference; includeInIndex = 1; lastKnownFileType = text.xcconfig; name = "Pods-flickrApp.release.xcconfig"; path = "Target Support Files/Pods-flickrApp/Pods-flickrApp.release.xcconfig"; sourceTree = "<group>"; };
/* End PBXFileReference section */

/* Begin PBXFrameworksBuildPhase section */
		E2D9D00C28F72B5C004320CF /* Frameworks */ = {
			isa = PBXFrameworksBuildPhase;
			buildActionMask = 2147483647;
			files = (
				E2E830F728FAB1E700ABB346 /* FirebaseDatabaseSwift in Frameworks */,
				56B086A2BBD9558709121BF4 /* Pods_flickrApp.framework in Frameworks */,
				E2E830FB28FAB1E700ABB346 /* FirebaseRemoteConfigSwift in Frameworks */,
				E2E830F528FAB1E700ABB346 /* FirebaseAuth in Frameworks */,
				E2E830F928FAB1E700ABB346 /* FirebaseFirestoreSwift in Frameworks */,
				E2E830FD28FAB1E700ABB346 /* FirebaseStorage in Frameworks */,
			);
			runOnlyForDeploymentPostprocessing = 0;
		};
/* End PBXFrameworksBuildPhase section */

/* Begin PBXGroup section */
		31A4E167C5F412245B4E8BF6 /* Frameworks */ = {
			isa = PBXGroup;
			children = (
				3516515F91050B4F74292495 /* Pods_flickrApp.framework */,
			);
			name = Frameworks;
			sourceTree = "<group>";
		};
		E237AA9828FACBD4000D5859 /* ViewModel */ = {
			isa = PBXGroup;
			children = (
				E237AA9928FACD6B000D5859 /* AuthViewModel.swift */,
			);
			path = ViewModel;
			sourceTree = "<group>";
		};
		E237AA9B28FAD0E6000D5859 /* Helpers */ = {
			isa = PBXGroup;
			children = (
				E237AA9C28FAD0F9000D5859 /* AlertPresentable.swift */,
			);
			path = Helpers;
			sourceTree = "<group>";
		};
		E237AA9E28FAD140000D5859 /* CAKit */ = {
			isa = PBXGroup;
			children = (
				E237AA9F28FAD151000D5859 /* CAViewController.swift */,
			);
			path = CAKit;
			sourceTree = "<group>";
		};
		E2418A6B28FBE1910076D344 /* PhotoCollectionViewCell */ = {
			isa = PBXGroup;
			children = (
				E2418A6C28FBE1A60076D344 /* PhotoCollectionViewCell.swift */,
				E2418A6D28FBE1A60076D344 /* PhotoCollectionViewCell.xib */,
			);
			path = PhotoCollectionViewCell;
			sourceTree = "<group>";
		};
		E24352B928F86E1B00AF384B /* Delegate */ = {
			isa = PBXGroup;
			children = (
				E2D9D01228F72B5C004320CF /* AppDelegate.swift */,
				E2D9D01428F72B5C004320CF /* SceneDelegate.swift */,
			);
			path = Delegate;
			sourceTree = "<group>";
		};
		E24352BA28F86E2800AF384B /* View */ = {
			isa = PBXGroup;
			children = (
				E2D9D01D28F72B5E004320CF /* LaunchScreen.storyboard */,
			);
			path = View;
			sourceTree = "<group>";
		};
		E24352BB28F86E2C00AF384B /* Core */ = {
			isa = PBXGroup;
			children = (
				E28D000B28FDBEC2008564F6 /* Constants */,
				E28D000828FDA7B9008564F6 /* Extensions */,
				E237AA9E28FAD140000D5859 /* CAKit */,
				E237AA9B28FAD0E6000D5859 /* Helpers */,
				E24352BE28F8761000AF384B /* Network */,
			);
			path = Core;
			sourceTree = "<group>";
		};
		E24352BC28F86E3400AF384B /* Plist */ = {
			isa = PBXGroup;
			children = (
				E2E830F128FAAEE400ABB346 /* GoogleService-Info.plist */,
				E2D9D02028F72B5E004320CF /* Info.plist */,
			);
			path = Plist;
			sourceTree = "<group>";
		};
		E24352BD28F86E4500AF384B /* Assets */ = {
			isa = PBXGroup;
			children = (
				E2D9D01B28F72B5E004320CF /* Assets.xcassets */,
			);
			path = Assets;
			sourceTree = "<group>";
		};
		E24352BE28F8761000AF384B /* Network */ = {
			isa = PBXGroup;
			children = (
				E24352BF28F8761C00AF384B /* FlickrApi.swift */,
			);
			path = Network;
			sourceTree = "<group>";
		};
		E24352C128F893DD00AF384B /* ViewModel */ = {
			isa = PBXGroup;
			children = (
				E24352C228F893EB00AF384B /* PhotoListViewModel.swift */,
			);
			path = ViewModel;
			sourceTree = "<group>";
		};
		E251338A28FAF5E1001AD16F /* TabBar */ = {
			isa = PBXGroup;
			children = (
				E251338B28FAF5E9001AD16F /* Controller */,
			);
			path = TabBar;
			sourceTree = "<group>";
		};
		E251338B28FAF5E9001AD16F /* Controller */ = {
			isa = PBXGroup;
			children = (
				E251338C28FAF60F001AD16F /* MainTabbarViewController.swift */,
			);
			path = Controller;
			sourceTree = "<group>";
		};
		E251338E28FAFDEF001AD16F /* Search */ = {
			isa = PBXGroup;
			children = (
				E251339728FB00D9001AD16F /* Controller */,
				E251339628FB00D5001AD16F /* View */,
				E251339528FB00CE001AD16F /* ViewModel */,
				E251339428FB00C9001AD16F /* Model */,
			);
			path = Search;
			sourceTree = "<group>";
		};
		E251339428FB00C9001AD16F /* Model */ = {
			isa = PBXGroup;
			children = (
			);
			path = Model;
			sourceTree = "<group>";
		};
		E251339528FB00CE001AD16F /* ViewModel */ = {
			isa = PBXGroup;
			children = (
				E251339F28FB0B6A001AD16F /* SearchViewModel.swift */,
			);
			path = ViewModel;
			sourceTree = "<group>";
		};
		E251339628FB00D5001AD16F /* View */ = {
			isa = PBXGroup;
			children = (
				E2418A6B28FBE1910076D344 /* PhotoCollectionViewCell */,
				E251339128FAFE18001AD16F /* SearchViewController.xib */,
			);
			path = View;
			sourceTree = "<group>";
		};
		E251339728FB00D9001AD16F /* Controller */ = {
			isa = PBXGroup;
			children = (
				E251339028FAFE18001AD16F /* SearchViewController.swift */,
			);
			path = Controller;
			sourceTree = "<group>";
		};
		E274039B28F980E3003520D1 /* Model */ = {
			isa = PBXGroup;
			children = (
				E274039C28F980EE003520D1 /* Photo.swift */,
				E274039E28F98156003520D1 /* PhotoResponse.swift */,
				E27403A028F9821E003520D1 /* Photos.swift */,
			);
			path = Model;
			sourceTree = "<group>";
		};
		E27403A228F9A4AD003520D1 /* PhotoTableViewCell */ = {
			isa = PBXGroup;
			children = (
				E27403A328F9A4C8003520D1 /* PhotoTableViewCell.swift */,
				E27403A528F9A515003520D1 /* PhotoTableViewCell.xib */,
			);
			path = PhotoTableViewCell;
			sourceTree = "<group>";
		};
		E27403A728F9DED3003520D1 /* PhotoDetail */ = {
			isa = PBXGroup;
			children = (
			);
			path = PhotoDetail;
			sourceTree = "<group>";
		};
		E28D000528FDA502008564F6 /* Model */ = {
			isa = PBXGroup;
			children = (
				E28D000628FDA50F008564F6 /* User.swift */,
			);
			path = Model;
			sourceTree = "<group>";
		};
		E28D000828FDA7B9008564F6 /* Extensions */ = {
			isa = PBXGroup;
			children = (
				E28D000928FDA7CE008564F6 /* Encodable+Extension.swift */,
			);
			path = Extensions;
			sourceTree = "<group>";
		};
		E28D000B28FDBEC2008564F6 /* Constants */ = {
			isa = PBXGroup;
			children = (
				E28D000C28FDBED3008564F6 /* UserDefaultConstants.swift */,
			);
			path = Constants;
			sourceTree = "<group>";
		};
		E297EA0B28F83A9700CAA90E /* PhotoList */ = {
			isa = PBXGroup;
			children = (
				E274039B28F980E3003520D1 /* Model */,
				E24352C128F893DD00AF384B /* ViewModel */,
				E297EA1128F8404B00CAA90E /* View */,
				E297EA1028F8404500CAA90E /* Controller */,
			);
			path = PhotoList;
			sourceTree = "<group>";
		};
		E297EA1028F8404500CAA90E /* Controller */ = {
			isa = PBXGroup;
			children = (
				E297EA0C28F83AC900CAA90E /* PhotoListViewController.swift */,
			);
			path = Controller;
			sourceTree = "<group>";
		};
		E297EA1128F8404B00CAA90E /* View */ = {
			isa = PBXGroup;
			children = (
				E27403A228F9A4AD003520D1 /* PhotoTableViewCell */,
				E297EA0D28F83AC900CAA90E /* PhotoListViewController.xib */,
			);
			path = View;
			sourceTree = "<group>";
		};
		E2D9D00628F72B5C004320CF = {
			isa = PBXGroup;
			children = (
				E2D9D01128F72B5C004320CF /* flickrApp */,
				E2D9D01028F72B5C004320CF /* Products */,
				EEEFE5468C8A8B7D003FC5F3 /* Pods */,
				31A4E167C5F412245B4E8BF6 /* Frameworks */,
			);
			sourceTree = "<group>";
		};
		E2D9D01028F72B5C004320CF /* Products */ = {
			isa = PBXGroup;
			children = (
				E2D9D00F28F72B5C004320CF /* flickrApp.app */,
			);
			name = Products;
			sourceTree = "<group>";
		};
		E2D9D01128F72B5C004320CF /* flickrApp */ = {
			isa = PBXGroup;
			children = (
				E2D9D02728F72CF5004320CF /* Screens */,
				E2D9D02628F72CDC004320CF /* App */,
			);
			path = flickrApp;
			sourceTree = "<group>";
		};
		E2D9D02628F72CDC004320CF /* App */ = {
			isa = PBXGroup;
			children = (
				E24352BD28F86E4500AF384B /* Assets */,
				E24352BC28F86E3400AF384B /* Plist */,
				E24352BB28F86E2C00AF384B /* Core */,
				E24352BA28F86E2800AF384B /* View */,
				E24352B928F86E1B00AF384B /* Delegate */,
			);
			path = App;
			sourceTree = "<group>";
		};
		E2D9D02728F72CF5004320CF /* Screens */ = {
			isa = PBXGroup;
			children = (
				E251338E28FAFDEF001AD16F /* Search */,
				E251338A28FAF5E1001AD16F /* TabBar */,
				E2E830EA28FAAC9600ABB346 /* Auth */,
				E27403A728F9DED3003520D1 /* PhotoDetail */,
				E297EA0B28F83A9700CAA90E /* PhotoList */,
			);
			path = Screens;
			sourceTree = "<group>";
		};
		E2E830EA28FAAC9600ABB346 /* Auth */ = {
			isa = PBXGroup;
			children = (
				E28D000528FDA502008564F6 /* Model */,
				E237AA9828FACBD4000D5859 /* ViewModel */,
				E2E830F028FAACDD00ABB346 /* View */,
				E2E830EF28FAACD600ABB346 /* Controller */,
			);
			path = Auth;
			sourceTree = "<group>";
		};
		E2E830EF28FAACD600ABB346 /* Controller */ = {
			isa = PBXGroup;
			children = (
				E2E830EB28FAACC800ABB346 /* AuthViewController.swift */,
			);
			path = Controller;
			sourceTree = "<group>";
		};
		E2E830F028FAACDD00ABB346 /* View */ = {
			isa = PBXGroup;
			children = (
				E2E830EC28FAACC800ABB346 /* AuthViewController.xib */,
			);
			path = View;
			sourceTree = "<group>";
		};
		EEEFE5468C8A8B7D003FC5F3 /* Pods */ = {
			isa = PBXGroup;
			children = (
				8E24842104DB2E56E213A620 /* Pods-flickrApp.debug.xcconfig */,
				E88312B4E230F597EDD2F5AE /* Pods-flickrApp.release.xcconfig */,
			);
			path = Pods;
			sourceTree = "<group>";
		};
/* End PBXGroup section */

/* Begin PBXNativeTarget section */
		E2D9D00E28F72B5C004320CF /* flickrApp */ = {
			isa = PBXNativeTarget;
			buildConfigurationList = E2D9D02328F72B5E004320CF /* Build configuration list for PBXNativeTarget "flickrApp" */;
			buildPhases = (
				EFF27D29FA1B7E7E639A1E31 /* [CP] Check Pods Manifest.lock */,
				E2D9D00B28F72B5C004320CF /* Sources */,
				E2D9D00C28F72B5C004320CF /* Frameworks */,
				E2D9D00D28F72B5C004320CF /* Resources */,
				8BB9EB4CEE37E7BB91A0516B /* [CP] Embed Pods Frameworks */,
			);
			buildRules = (
			);
			dependencies = (
			);
			name = flickrApp;
			packageProductDependencies = (
				E2E830F428FAB1E700ABB346 /* FirebaseAuth */,
				E2E830F628FAB1E700ABB346 /* FirebaseDatabaseSwift */,
				E2E830F828FAB1E700ABB346 /* FirebaseFirestoreSwift */,
				E2E830FA28FAB1E700ABB346 /* FirebaseRemoteConfigSwift */,
				E2E830FC28FAB1E700ABB346 /* FirebaseStorage */,
			);
			productName = flickrApp;
			productReference = E2D9D00F28F72B5C004320CF /* flickrApp.app */;
			productType = "com.apple.product-type.application";
		};
/* End PBXNativeTarget section */

/* Begin PBXProject section */
		E2D9D00728F72B5C004320CF /* Project object */ = {
			isa = PBXProject;
			attributes = {
				BuildIndependentTargetsInParallel = 1;
				LastSwiftUpdateCheck = 1340;
				LastUpgradeCheck = 1340;
				TargetAttributes = {
					E2D9D00E28F72B5C004320CF = {
						CreatedOnToolsVersion = 13.4.1;
					};
				};
			};
			buildConfigurationList = E2D9D00A28F72B5C004320CF /* Build configuration list for PBXProject "flickrApp" */;
			compatibilityVersion = "Xcode 13.0";
			developmentRegion = en;
			hasScannedForEncodings = 0;
			knownRegions = (
				en,
				Base,
			);
			mainGroup = E2D9D00628F72B5C004320CF;
			packageReferences = (
				E2E830F328FAB1E700ABB346 /* XCRemoteSwiftPackageReference "firebase-ios-sdk" */,
			);
			productRefGroup = E2D9D01028F72B5C004320CF /* Products */;
			projectDirPath = "";
			projectRoot = "";
			targets = (
				E2D9D00E28F72B5C004320CF /* flickrApp */,
			);
		};
/* End PBXProject section */

/* Begin PBXResourcesBuildPhase section */
		E2D9D00D28F72B5C004320CF /* Resources */ = {
			isa = PBXResourcesBuildPhase;
			buildActionMask = 2147483647;
			files = (
				E27403A628F9A515003520D1 /* PhotoTableViewCell.xib in Resources */,
				E2D9D01F28F72B5E004320CF /* LaunchScreen.storyboard in Resources */,
				E2E830EE28FAACC800ABB346 /* AuthViewController.xib in Resources */,
				E297EA0F28F83AC900CAA90E /* PhotoListViewController.xib in Resources */,
				E2D9D01C28F72B5E004320CF /* Assets.xcassets in Resources */,
				E2418A6F28FBE1A60076D344 /* PhotoCollectionViewCell.xib in Resources */,
				E2E830F228FAAEE400ABB346 /* GoogleService-Info.plist in Resources */,
				E251339328FAFE18001AD16F /* SearchViewController.xib in Resources */,
			);
			runOnlyForDeploymentPostprocessing = 0;
		};
/* End PBXResourcesBuildPhase section */

/* Begin PBXShellScriptBuildPhase section */
		8BB9EB4CEE37E7BB91A0516B /* [CP] Embed Pods Frameworks */ = {
			isa = PBXShellScriptBuildPhase;
			buildActionMask = 2147483647;
			files = (
			);
			inputFileListPaths = (
				"${PODS_ROOT}/Target Support Files/Pods-flickrApp/Pods-flickrApp-frameworks-${CONFIGURATION}-input-files.xcfilelist",
			);
			name = "[CP] Embed Pods Frameworks";
			outputFileListPaths = (
				"${PODS_ROOT}/Target Support Files/Pods-flickrApp/Pods-flickrApp-frameworks-${CONFIGURATION}-output-files.xcfilelist",
			);
			runOnlyForDeploymentPostprocessing = 0;
			shellPath = /bin/sh;
			shellScript = "\"${PODS_ROOT}/Target Support Files/Pods-flickrApp/Pods-flickrApp-frameworks.sh\"\n";
			showEnvVarsInLog = 0;
		};
		EFF27D29FA1B7E7E639A1E31 /* [CP] Check Pods Manifest.lock */ = {
			isa = PBXShellScriptBuildPhase;
			buildActionMask = 2147483647;
			files = (
			);
			inputFileListPaths = (
			);
			inputPaths = (
				"${PODS_PODFILE_DIR_PATH}/Podfile.lock",
				"${PODS_ROOT}/Manifest.lock",
			);
			name = "[CP] Check Pods Manifest.lock";
			outputFileListPaths = (
			);
			outputPaths = (
				"$(DERIVED_FILE_DIR)/Pods-flickrApp-checkManifestLockResult.txt",
			);
			runOnlyForDeploymentPostprocessing = 0;
			shellPath = /bin/sh;
			shellScript = "diff \"${PODS_PODFILE_DIR_PATH}/Podfile.lock\" \"${PODS_ROOT}/Manifest.lock\" > /dev/null\nif [ $? != 0 ] ; then\n    # print error to STDERR\n    echo \"error: The sandbox is not in sync with the Podfile.lock. Run 'pod install' or update your CocoaPods installation.\" >&2\n    exit 1\nfi\n# This output is used by Xcode 'outputs' to avoid re-running this script phase.\necho \"SUCCESS\" > \"${SCRIPT_OUTPUT_FILE_0}\"\n";
			showEnvVarsInLog = 0;
		};
/* End PBXShellScriptBuildPhase section */

/* Begin PBXSourcesBuildPhase section */
		E2D9D00B28F72B5C004320CF /* Sources */ = {
			isa = PBXSourcesBuildPhase;
			buildActionMask = 2147483647;
			files = (
				E251339228FAFE18001AD16F /* SearchViewController.swift in Sources */,
				E274039D28F980EE003520D1 /* Photo.swift in Sources */,
				E2D9D01328F72B5C004320CF /* AppDelegate.swift in Sources */,
				E2E830ED28FAACC800ABB346 /* AuthViewController.swift in Sources */,
				E28D000A28FDA7CE008564F6 /* Encodable+Extension.swift in Sources */,
				E2418A6E28FBE1A60076D344 /* PhotoCollectionViewCell.swift in Sources */,
				E251338D28FAF60F001AD16F /* MainTabbarViewController.swift in Sources */,
				E274039F28F98156003520D1 /* PhotoResponse.swift in Sources */,
				E2D9D01528F72B5C004320CF /* SceneDelegate.swift in Sources */,
				E27403A128F9821E003520D1 /* Photos.swift in Sources */,
				E28D000D28FDBED3008564F6 /* UserDefaultConstants.swift in Sources */,
				E27403A428F9A4C8003520D1 /* PhotoTableViewCell.swift in Sources */,
				E237AA9A28FACD6B000D5859 /* AuthViewModel.swift in Sources */,
				E237AAA028FAD151000D5859 /* CAViewController.swift in Sources */,
				E297EA0E28F83AC900CAA90E /* PhotoListViewController.swift in Sources */,
				E24352C328F893EB00AF384B /* PhotoListViewModel.swift in Sources */,
				E28D000728FDA50F008564F6 /* User.swift in Sources */,
				E25133A028FB0B6A001AD16F /* SearchViewModel.swift in Sources */,
				E237AA9D28FAD0F9000D5859 /* AlertPresentable.swift in Sources */,
				E24352C028F8761C00AF384B /* FlickrApi.swift in Sources */,
			);
			runOnlyForDeploymentPostprocessing = 0;
		};
/* End PBXSourcesBuildPhase section */

/* Begin PBXVariantGroup section */
		E2D9D01D28F72B5E004320CF /* LaunchScreen.storyboard */ = {
			isa = PBXVariantGroup;
			children = (
				E2D9D01E28F72B5E004320CF /* Base */,
			);
			name = LaunchScreen.storyboard;
			sourceTree = "<group>";
		};
/* End PBXVariantGroup section */

/* Begin XCBuildConfiguration section */
		E2D9D02128F72B5E004320CF /* Debug */ = {
			isa = XCBuildConfiguration;
			buildSettings = {
				ALWAYS_SEARCH_USER_PATHS = NO;
				CLANG_ANALYZER_NONNULL = YES;
				CLANG_ANALYZER_NUMBER_OBJECT_CONVERSION = YES_AGGRESSIVE;
				CLANG_CXX_LANGUAGE_STANDARD = "gnu++17";
				CLANG_ENABLE_MODULES = YES;
				CLANG_ENABLE_OBJC_ARC = YES;
				CLANG_ENABLE_OBJC_WEAK = YES;
				CLANG_WARN_BLOCK_CAPTURE_AUTORELEASING = YES;
				CLANG_WARN_BOOL_CONVERSION = YES;
				CLANG_WARN_COMMA = YES;
				CLANG_WARN_CONSTANT_CONVERSION = YES;
				CLANG_WARN_DEPRECATED_OBJC_IMPLEMENTATIONS = YES;
				CLANG_WARN_DIRECT_OBJC_ISA_USAGE = YES_ERROR;
				CLANG_WARN_DOCUMENTATION_COMMENTS = YES;
				CLANG_WARN_EMPTY_BODY = YES;
				CLANG_WARN_ENUM_CONVERSION = YES;
				CLANG_WARN_INFINITE_RECURSION = YES;
				CLANG_WARN_INT_CONVERSION = YES;
				CLANG_WARN_NON_LITERAL_NULL_CONVERSION = YES;
				CLANG_WARN_OBJC_IMPLICIT_RETAIN_SELF = YES;
				CLANG_WARN_OBJC_LITERAL_CONVERSION = YES;
				CLANG_WARN_OBJC_ROOT_CLASS = YES_ERROR;
				CLANG_WARN_QUOTED_INCLUDE_IN_FRAMEWORK_HEADER = YES;
				CLANG_WARN_RANGE_LOOP_ANALYSIS = YES;
				CLANG_WARN_STRICT_PROTOTYPES = YES;
				CLANG_WARN_SUSPICIOUS_MOVE = YES;
				CLANG_WARN_UNGUARDED_AVAILABILITY = YES_AGGRESSIVE;
				CLANG_WARN_UNREACHABLE_CODE = YES;
				CLANG_WARN__DUPLICATE_METHOD_MATCH = YES;
				COPY_PHASE_STRIP = NO;
				DEBUG_INFORMATION_FORMAT = dwarf;
				ENABLE_STRICT_OBJC_MSGSEND = YES;
				ENABLE_TESTABILITY = YES;
				GCC_C_LANGUAGE_STANDARD = gnu11;
				GCC_DYNAMIC_NO_PIC = NO;
				GCC_NO_COMMON_BLOCKS = YES;
				GCC_OPTIMIZATION_LEVEL = 0;
				GCC_PREPROCESSOR_DEFINITIONS = (
					"DEBUG=1",
					"$(inherited)",
				);
				GCC_WARN_64_TO_32_BIT_CONVERSION = YES;
				GCC_WARN_ABOUT_RETURN_TYPE = YES_ERROR;
				GCC_WARN_UNDECLARED_SELECTOR = YES;
				GCC_WARN_UNINITIALIZED_AUTOS = YES_AGGRESSIVE;
				GCC_WARN_UNUSED_FUNCTION = YES;
				GCC_WARN_UNUSED_VARIABLE = YES;
				IPHONEOS_DEPLOYMENT_TARGET = 15.5;
				MTL_ENABLE_DEBUG_INFO = INCLUDE_SOURCE;
				MTL_FAST_MATH = YES;
				ONLY_ACTIVE_ARCH = YES;
				SDKROOT = iphoneos;
				SWIFT_ACTIVE_COMPILATION_CONDITIONS = DEBUG;
				SWIFT_OPTIMIZATION_LEVEL = "-Onone";
			};
			name = Debug;
		};
		E2D9D02228F72B5E004320CF /* Release */ = {
			isa = XCBuildConfiguration;
			buildSettings = {
				ALWAYS_SEARCH_USER_PATHS = NO;
				CLANG_ANALYZER_NONNULL = YES;
				CLANG_ANALYZER_NUMBER_OBJECT_CONVERSION = YES_AGGRESSIVE;
				CLANG_CXX_LANGUAGE_STANDARD = "gnu++17";
				CLANG_ENABLE_MODULES = YES;
				CLANG_ENABLE_OBJC_ARC = YES;
				CLANG_ENABLE_OBJC_WEAK = YES;
				CLANG_WARN_BLOCK_CAPTURE_AUTORELEASING = YES;
				CLANG_WARN_BOOL_CONVERSION = YES;
				CLANG_WARN_COMMA = YES;
				CLANG_WARN_CONSTANT_CONVERSION = YES;
				CLANG_WARN_DEPRECATED_OBJC_IMPLEMENTATIONS = YES;
				CLANG_WARN_DIRECT_OBJC_ISA_USAGE = YES_ERROR;
				CLANG_WARN_DOCUMENTATION_COMMENTS = YES;
				CLANG_WARN_EMPTY_BODY = YES;
				CLANG_WARN_ENUM_CONVERSION = YES;
				CLANG_WARN_INFINITE_RECURSION = YES;
				CLANG_WARN_INT_CONVERSION = YES;
				CLANG_WARN_NON_LITERAL_NULL_CONVERSION = YES;
				CLANG_WARN_OBJC_IMPLICIT_RETAIN_SELF = YES;
				CLANG_WARN_OBJC_LITERAL_CONVERSION = YES;
				CLANG_WARN_OBJC_ROOT_CLASS = YES_ERROR;
				CLANG_WARN_QUOTED_INCLUDE_IN_FRAMEWORK_HEADER = YES;
				CLANG_WARN_RANGE_LOOP_ANALYSIS = YES;
				CLANG_WARN_STRICT_PROTOTYPES = YES;
				CLANG_WARN_SUSPICIOUS_MOVE = YES;
				CLANG_WARN_UNGUARDED_AVAILABILITY = YES_AGGRESSIVE;
				CLANG_WARN_UNREACHABLE_CODE = YES;
				CLANG_WARN__DUPLICATE_METHOD_MATCH = YES;
				COPY_PHASE_STRIP = NO;
				DEBUG_INFORMATION_FORMAT = "dwarf-with-dsym";
				ENABLE_NS_ASSERTIONS = NO;
				ENABLE_STRICT_OBJC_MSGSEND = YES;
				GCC_C_LANGUAGE_STANDARD = gnu11;
				GCC_NO_COMMON_BLOCKS = YES;
				GCC_WARN_64_TO_32_BIT_CONVERSION = YES;
				GCC_WARN_ABOUT_RETURN_TYPE = YES_ERROR;
				GCC_WARN_UNDECLARED_SELECTOR = YES;
				GCC_WARN_UNINITIALIZED_AUTOS = YES_AGGRESSIVE;
				GCC_WARN_UNUSED_FUNCTION = YES;
				GCC_WARN_UNUSED_VARIABLE = YES;
				IPHONEOS_DEPLOYMENT_TARGET = 15.5;
				MTL_ENABLE_DEBUG_INFO = NO;
				MTL_FAST_MATH = YES;
				SDKROOT = iphoneos;
				SWIFT_COMPILATION_MODE = wholemodule;
				SWIFT_OPTIMIZATION_LEVEL = "-O";
				VALIDATE_PRODUCT = YES;
			};
			name = Release;
		};
		E2D9D02428F72B5E004320CF /* Debug */ = {
			isa = XCBuildConfiguration;
			baseConfigurationReference = 8E24842104DB2E56E213A620 /* Pods-flickrApp.debug.xcconfig */;
			buildSettings = {
				ASSETCATALOG_COMPILER_APPICON_NAME = AppIcon;
				ASSETCATALOG_COMPILER_GLOBAL_ACCENT_COLOR_NAME = AccentColor;
				CODE_SIGN_STYLE = Automatic;
				CURRENT_PROJECT_VERSION = 1;
				GENERATE_INFOPLIST_FILE = YES;
				INFOPLIST_FILE = flickrApp/App/Plist/Info.plist;
				INFOPLIST_KEY_UIApplicationSupportsIndirectInputEvents = YES;
				INFOPLIST_KEY_UILaunchStoryboardName = LaunchScreen;
				INFOPLIST_KEY_UISupportedInterfaceOrientations_iPad = "UIInterfaceOrientationPortrait UIInterfaceOrientationPortraitUpsideDown UIInterfaceOrientationLandscapeLeft UIInterfaceOrientationLandscapeRight";
				INFOPLIST_KEY_UISupportedInterfaceOrientations_iPhone = "UIInterfaceOrientationPortrait UIInterfaceOrientationLandscapeLeft UIInterfaceOrientationLandscapeRight";
				IPHONEOS_DEPLOYMENT_TARGET = 15.5;
				LD_RUNPATH_SEARCH_PATHS = (
					"$(inherited)",
					"@executable_path/Frameworks",
				);
				MARKETING_VERSION = 1.0;
				PRODUCT_BUNDLE_IDENTIFIER = com.furkanademoglu.flickrApp;
				PRODUCT_NAME = "$(TARGET_NAME)";
				SWIFT_EMIT_LOC_STRINGS = YES;
				SWIFT_VERSION = 5.0;
				TARGETED_DEVICE_FAMILY = "1,2";
			};
			name = Debug;
		};
		E2D9D02528F72B5E004320CF /* Release */ = {
			isa = XCBuildConfiguration;
			baseConfigurationReference = E88312B4E230F597EDD2F5AE /* Pods-flickrApp.release.xcconfig */;
			buildSettings = {
				ASSETCATALOG_COMPILER_APPICON_NAME = AppIcon;
				ASSETCATALOG_COMPILER_GLOBAL_ACCENT_COLOR_NAME = AccentColor;
				CODE_SIGN_STYLE = Automatic;
				CURRENT_PROJECT_VERSION = 1;
				GENERATE_INFOPLIST_FILE = YES;
				INFOPLIST_FILE = flickrApp/App/Plist/Info.plist;
				INFOPLIST_KEY_UIApplicationSupportsIndirectInputEvents = YES;
				INFOPLIST_KEY_UILaunchStoryboardName = LaunchScreen;
				INFOPLIST_KEY_UISupportedInterfaceOrientations_iPad = "UIInterfaceOrientationPortrait UIInterfaceOrientationPortraitUpsideDown UIInterfaceOrientationLandscapeLeft UIInterfaceOrientationLandscapeRight";
				INFOPLIST_KEY_UISupportedInterfaceOrientations_iPhone = "UIInterfaceOrientationPortrait UIInterfaceOrientationLandscapeLeft UIInterfaceOrientationLandscapeRight";
				IPHONEOS_DEPLOYMENT_TARGET = 15.5;
				LD_RUNPATH_SEARCH_PATHS = (
					"$(inherited)",
					"@executable_path/Frameworks",
				);
				MARKETING_VERSION = 1.0;
				PRODUCT_BUNDLE_IDENTIFIER = com.furkanademoglu.flickrApp;
				PRODUCT_NAME = "$(TARGET_NAME)";
				SWIFT_EMIT_LOC_STRINGS = YES;
				SWIFT_VERSION = 5.0;
				TARGETED_DEVICE_FAMILY = "1,2";
			};
			name = Release;
		};
/* End XCBuildConfiguration section */

/* Begin XCConfigurationList section */
		E2D9D00A28F72B5C004320CF /* Build configuration list for PBXProject "flickrApp" */ = {
			isa = XCConfigurationList;
			buildConfigurations = (
				E2D9D02128F72B5E004320CF /* Debug */,
				E2D9D02228F72B5E004320CF /* Release */,
			);
			defaultConfigurationIsVisible = 0;
			defaultConfigurationName = Release;
		};
		E2D9D02328F72B5E004320CF /* Build configuration list for PBXNativeTarget "flickrApp" */ = {
			isa = XCConfigurationList;
			buildConfigurations = (
				E2D9D02428F72B5E004320CF /* Debug */,
				E2D9D02528F72B5E004320CF /* Release */,
			);
			defaultConfigurationIsVisible = 0;
			defaultConfigurationName = Release;
		};
/* End XCConfigurationList section */

/* Begin XCRemoteSwiftPackageReference section */
		E2E830F328FAB1E700ABB346 /* XCRemoteSwiftPackageReference "firebase-ios-sdk" */ = {
			isa = XCRemoteSwiftPackageReference;
			repositoryURL = "https://github.com/firebase/firebase-ios-sdk";
			requirement = {
				kind = upToNextMajorVersion;
				minimumVersion = 9.0.0;
			};
		};
/* End XCRemoteSwiftPackageReference section */

/* Begin XCSwiftPackageProductDependency section */
		E2E830F428FAB1E700ABB346 /* FirebaseAuth */ = {
			isa = XCSwiftPackageProductDependency;
			package = E2E830F328FAB1E700ABB346 /* XCRemoteSwiftPackageReference "firebase-ios-sdk" */;
			productName = FirebaseAuth;
		};
		E2E830F628FAB1E700ABB346 /* FirebaseDatabaseSwift */ = {
			isa = XCSwiftPackageProductDependency;
			package = E2E830F328FAB1E700ABB346 /* XCRemoteSwiftPackageReference "firebase-ios-sdk" */;
			productName = FirebaseDatabaseSwift;
		};
		E2E830F828FAB1E700ABB346 /* FirebaseFirestoreSwift */ = {
			isa = XCSwiftPackageProductDependency;
			package = E2E830F328FAB1E700ABB346 /* XCRemoteSwiftPackageReference "firebase-ios-sdk" */;
			productName = FirebaseFirestoreSwift;
		};
		E2E830FA28FAB1E700ABB346 /* FirebaseRemoteConfigSwift */ = {
			isa = XCSwiftPackageProductDependency;
			package = E2E830F328FAB1E700ABB346 /* XCRemoteSwiftPackageReference "firebase-ios-sdk" */;
			productName = FirebaseRemoteConfigSwift;
		};
		E2E830FC28FAB1E700ABB346 /* FirebaseStorage */ = {
			isa = XCSwiftPackageProductDependency;
			package = E2E830F328FAB1E700ABB346 /* XCRemoteSwiftPackageReference "firebase-ios-sdk" */;
			productName = FirebaseStorage;
		};
/* End XCSwiftPackageProductDependency section */
	};
	rootObject = E2D9D00728F72B5C004320CF /* Project object */;
}
